// !$*UTF8*$!
{
	archiveVersion = 1;
	classes = {
	};
	objectVersion = 50;
	objects = {

/* Begin PBXBuildFile section */
		4527C9D820C130C200590790 /* BubbleQuestionViewController.swift in Sources */ = {isa = PBXBuildFile; fileRef = 4527C9D620C130C200590790 /* BubbleQuestionViewController.swift */; };
		4527C9DB20C138B900590790 /* BubbleAnswerView.swift in Sources */ = {isa = PBXBuildFile; fileRef = 4527C9DA20C138B900590790 /* BubbleAnswerView.swift */; };
		4527C9DF20C138D200590790 /* BubbleAnswerView.xib in Resources */ = {isa = PBXBuildFile; fileRef = 4527C9DE20C138D200590790 /* BubbleAnswerView.xib */; };
		4527C9E120C13AD100590790 /* BubbleBehavior.swift in Sources */ = {isa = PBXBuildFile; fileRef = 4527C9E020C13AD100590790 /* BubbleBehavior.swift */; };
		4542F84B20DCDAC10022CC09 /* Rubik-BlackItalic.ttf in Resources */ = {isa = PBXBuildFile; fileRef = 4542F84120DCDAC00022CC09 /* Rubik-BlackItalic.ttf */; };
		4542F84C20DCDAC10022CC09 /* Rubik-Bold.ttf in Resources */ = {isa = PBXBuildFile; fileRef = 4542F84220DCDAC00022CC09 /* Rubik-Bold.ttf */; };
		4542F84D20DCDAC10022CC09 /* Rubik-LightItalic.ttf in Resources */ = {isa = PBXBuildFile; fileRef = 4542F84320DCDAC00022CC09 /* Rubik-LightItalic.ttf */; };
		4542F84E20DCDAC10022CC09 /* Rubik-Regular.ttf in Resources */ = {isa = PBXBuildFile; fileRef = 4542F84420DCDAC00022CC09 /* Rubik-Regular.ttf */; };
		4542F84F20DCDAC10022CC09 /* Rubik-Light.ttf in Resources */ = {isa = PBXBuildFile; fileRef = 4542F84520DCDAC00022CC09 /* Rubik-Light.ttf */; };
		4542F85020DCDAC10022CC09 /* Rubik-MediumItalic.ttf in Resources */ = {isa = PBXBuildFile; fileRef = 4542F84620DCDAC00022CC09 /* Rubik-MediumItalic.ttf */; };
		4542F85120DCDAC10022CC09 /* Rubik-Medium.ttf in Resources */ = {isa = PBXBuildFile; fileRef = 4542F84720DCDAC00022CC09 /* Rubik-Medium.ttf */; };
		4542F85220DCDAC10022CC09 /* Rubik-Black.ttf in Resources */ = {isa = PBXBuildFile; fileRef = 4542F84820DCDAC00022CC09 /* Rubik-Black.ttf */; };
		4542F85320DCDAC10022CC09 /* Rubik-Italic.ttf in Resources */ = {isa = PBXBuildFile; fileRef = 4542F84920DCDAC10022CC09 /* Rubik-Italic.ttf */; };
		4542F85420DCDAC10022CC09 /* Rubik-BoldItalic.ttf in Resources */ = {isa = PBXBuildFile; fileRef = 4542F84A20DCDAC10022CC09 /* Rubik-BoldItalic.ttf */; };
		4542F85720DCDAEE0022CC09 /* InfoView.swift in Sources */ = {isa = PBXBuildFile; fileRef = 4542F85520DCDAED0022CC09 /* InfoView.swift */; };
		4542F85820DCDAEE0022CC09 /* GradientView.swift in Sources */ = {isa = PBXBuildFile; fileRef = 4542F85620DCDAEE0022CC09 /* GradientView.swift */; };
		4589022E20B832E100CA4C46 /* QuestionList.json in Resources */ = {isa = PBXBuildFile; fileRef = 4589022D20B832E000CA4C46 /* QuestionList.json */; };
		45E80E8E20EC2DE4008FEA6D /* DetailView1MagnifiedView.png in Resources */ = {isa = PBXBuildFile; fileRef = 45E80E8D20EC2DE4008FEA6D /* DetailView1MagnifiedView.png */; };
		45E80E9220EC2EFB008FEA6D /* DetailViewImage.png in Resources */ = {isa = PBXBuildFile; fileRef = 45E80E9120EC2EFB008FEA6D /* DetailViewImage.png */; };
		45E80E9520EC3198008FEA6D /* DetailView3MagnifiedView.png in Resources */ = {isa = PBXBuildFile; fileRef = 45E80E9320EC3198008FEA6D /* DetailView3MagnifiedView.png */; };
		45E80E9620EC3198008FEA6D /* DetailView2MagnifiedView.png in Resources */ = {isa = PBXBuildFile; fileRef = 45E80E9420EC3198008FEA6D /* DetailView2MagnifiedView.png */; };
		45E957A320AC3E4A00A01EB0 /* AppDelegate.swift in Sources */ = {isa = PBXBuildFile; fileRef = 45E957A220AC3E4A00A01EB0 /* AppDelegate.swift */; };
		45E957AA20AC3E4C00A01EB0 /* Assets.xcassets in Resources */ = {isa = PBXBuildFile; fileRef = 45E957A920AC3E4C00A01EB0 /* Assets.xcassets */; };
		45E957AD20AC3E4C00A01EB0 /* LaunchScreen.storyboard in Resources */ = {isa = PBXBuildFile; fileRef = 45E957AB20AC3E4C00A01EB0 /* LaunchScreen.storyboard */; };
		45E957B920AC3EA200A01EB0 /* APIManager.swift in Sources */ = {isa = PBXBuildFile; fileRef = 45E957B520AC3EA200A01EB0 /* APIManager.swift */; };
		45E957BA20AC3EA200A01EB0 /* ImageManager.swift in Sources */ = {isa = PBXBuildFile; fileRef = 45E957B620AC3EA200A01EB0 /* ImageManager.swift */; };
		45E957BB20AC3EA200A01EB0 /* NetworkRequest.swift in Sources */ = {isa = PBXBuildFile; fileRef = 45E957B720AC3EA200A01EB0 /* NetworkRequest.swift */; };
		45E957BC20AC3EA200A01EB0 /* APIRequests.swift in Sources */ = {isa = PBXBuildFile; fileRef = 45E957B820AC3EA200A01EB0 /* APIRequests.swift */; };
		45E957BF20AC3F2F00A01EB0 /* Enums.swift in Sources */ = {isa = PBXBuildFile; fileRef = 45E957BE20AC3F2F00A01EB0 /* Enums.swift */; };
		45E957C220AC415300A01EB0 /* Questions.swift in Sources */ = {isa = PBXBuildFile; fileRef = 45E957C120AC415300A01EB0 /* Questions.swift */; };
		45FEE98D20EA7BC60053FA4F /* OnBoarding.storyboard in Resources */ = {isa = PBXBuildFile; fileRef = 45FEE98C20EA7BC60053FA4F /* OnBoarding.storyboard */; };
		45FEE99020EA7BFF0053FA4F /* OnBoardingDetailsView.xib in Resources */ = {isa = PBXBuildFile; fileRef = 45FEE98F20EA7BFF0053FA4F /* OnBoardingDetailsView.xib */; };
		45FEE99320EA7DAB0053FA4F /* OnBoardingViewController.swift in Sources */ = {isa = PBXBuildFile; fileRef = 45FEE99220EA7DAB0053FA4F /* OnBoardingViewController.swift */; };
		45FEE99520EA7E490053FA4F /* OnBoardingDetailsView.swift in Sources */ = {isa = PBXBuildFile; fileRef = 45FEE99420EA7E490053FA4F /* OnBoardingDetailsView.swift */; };
		45FEE99B20EA86610053FA4F /* scratch-logo.png in Resources */ = {isa = PBXBuildFile; fileRef = 45FEE99A20EA86610053FA4F /* scratch-logo.png */; };
		45FEE99D20EA89880053FA4F /* background.png in Resources */ = {isa = PBXBuildFile; fileRef = 45FEE99C20EA89880053FA4F /* background.png */; };
		45FEE9A320EA8DA10053FA4F /* app.png in Resources */ = {isa = PBXBuildFile; fileRef = 45FEE9A220EA8DA10053FA4F /* app.png */; };
		F4C767B920C1855100B5DB77 /* Dashboard.storyboard in Resources */ = {isa = PBXBuildFile; fileRef = F4C767B820C1855100B5DB77 /* Dashboard.storyboard */; };
		F4C767BB20C1877400B5DB77 /* DashboardViewController.swift in Sources */ = {isa = PBXBuildFile; fileRef = F4C767BA20C1877400B5DB77 /* DashboardViewController.swift */; };
		F4C767BF20C1881E00B5DB77 /* Questions.storyboard in Resources */ = {isa = PBXBuildFile; fileRef = F4C767BE20C1881E00B5DB77 /* Questions.storyboard */; };
		F4C767C420C189D800B5DB77 /* SignPosting.storyboard in Resources */ = {isa = PBXBuildFile; fileRef = F4C767C320C189D800B5DB77 /* SignPosting.storyboard */; };
		F4C767C720C18A3900B5DB77 /* SignpostingViewController.swift in Sources */ = {isa = PBXBuildFile; fileRef = F4C767C620C18A3900B5DB77 /* SignpostingViewController.swift */; };
		F4C767CA20C18ACF00B5DB77 /* Achievements.storyboard in Resources */ = {isa = PBXBuildFile; fileRef = F4C767C920C18ACF00B5DB77 /* Achievements.storyboard */; };
		F4C767CD20C18B2E00B5DB77 /* AchievementsViewController.swift in Sources */ = {isa = PBXBuildFile; fileRef = F4C767CC20C18B2E00B5DB77 /* AchievementsViewController.swift */; };
/* End PBXBuildFile section */

/* Begin PBXFileReference section */
		4527C9D620C130C200590790 /* BubbleQuestionViewController.swift */ = {isa = PBXFileReference; lastKnownFileType = sourcecode.swift; path = BubbleQuestionViewController.swift; sourceTree = "<group>"; };
		4527C9DA20C138B900590790 /* BubbleAnswerView.swift */ = {isa = PBXFileReference; lastKnownFileType = sourcecode.swift; path = BubbleAnswerView.swift; sourceTree = "<group>"; };
		4527C9DE20C138D200590790 /* BubbleAnswerView.xib */ = {isa = PBXFileReference; lastKnownFileType = file.xib; path = BubbleAnswerView.xib; sourceTree = "<group>"; };
		4527C9E020C13AD100590790 /* BubbleBehavior.swift */ = {isa = PBXFileReference; lastKnownFileType = sourcecode.swift; path = BubbleBehavior.swift; sourceTree = "<group>"; };
		4542F84120DCDAC00022CC09 /* Rubik-BlackItalic.ttf */ = {isa = PBXFileReference; lastKnownFileType = file; path = "Rubik-BlackItalic.ttf"; sourceTree = "<group>"; };
		4542F84220DCDAC00022CC09 /* Rubik-Bold.ttf */ = {isa = PBXFileReference; lastKnownFileType = file; path = "Rubik-Bold.ttf"; sourceTree = "<group>"; };
		4542F84320DCDAC00022CC09 /* Rubik-LightItalic.ttf */ = {isa = PBXFileReference; lastKnownFileType = file; path = "Rubik-LightItalic.ttf"; sourceTree = "<group>"; };
		4542F84420DCDAC00022CC09 /* Rubik-Regular.ttf */ = {isa = PBXFileReference; lastKnownFileType = file; path = "Rubik-Regular.ttf"; sourceTree = "<group>"; };
		4542F84520DCDAC00022CC09 /* Rubik-Light.ttf */ = {isa = PBXFileReference; lastKnownFileType = file; path = "Rubik-Light.ttf"; sourceTree = "<group>"; };
		4542F84620DCDAC00022CC09 /* Rubik-MediumItalic.ttf */ = {isa = PBXFileReference; lastKnownFileType = file; path = "Rubik-MediumItalic.ttf"; sourceTree = "<group>"; };
		4542F84720DCDAC00022CC09 /* Rubik-Medium.ttf */ = {isa = PBXFileReference; lastKnownFileType = file; path = "Rubik-Medium.ttf"; sourceTree = "<group>"; };
		4542F84820DCDAC00022CC09 /* Rubik-Black.ttf */ = {isa = PBXFileReference; lastKnownFileType = file; path = "Rubik-Black.ttf"; sourceTree = "<group>"; };
		4542F84920DCDAC10022CC09 /* Rubik-Italic.ttf */ = {isa = PBXFileReference; lastKnownFileType = file; path = "Rubik-Italic.ttf"; sourceTree = "<group>"; };
		4542F84A20DCDAC10022CC09 /* Rubik-BoldItalic.ttf */ = {isa = PBXFileReference; lastKnownFileType = file; path = "Rubik-BoldItalic.ttf"; sourceTree = "<group>"; };
		4542F85520DCDAED0022CC09 /* InfoView.swift */ = {isa = PBXFileReference; fileEncoding = 4; lastKnownFileType = sourcecode.swift; path = InfoView.swift; sourceTree = "<group>"; };
		4542F85620DCDAEE0022CC09 /* GradientView.swift */ = {isa = PBXFileReference; fileEncoding = 4; lastKnownFileType = sourcecode.swift; path = GradientView.swift; sourceTree = "<group>"; };
		4589022D20B832E000CA4C46 /* QuestionList.json */ = {isa = PBXFileReference; fileEncoding = 4; lastKnownFileType = text.json; path = QuestionList.json; sourceTree = "<group>"; };
		45E80E8D20EC2DE4008FEA6D /* DetailView1MagnifiedView.png */ = {isa = PBXFileReference; lastKnownFileType = image.png; path = DetailView1MagnifiedView.png; sourceTree = "<group>"; };
		45E80E9120EC2EFB008FEA6D /* DetailViewImage.png */ = {isa = PBXFileReference; lastKnownFileType = image.png; path = DetailViewImage.png; sourceTree = "<group>"; };
		45E80E9320EC3198008FEA6D /* DetailView3MagnifiedView.png */ = {isa = PBXFileReference; lastKnownFileType = image.png; path = DetailView3MagnifiedView.png; sourceTree = "<group>"; };
		45E80E9420EC3198008FEA6D /* DetailView2MagnifiedView.png */ = {isa = PBXFileReference; lastKnownFileType = image.png; path = DetailView2MagnifiedView.png; sourceTree = "<group>"; };
		45E9579F20AC3E4A00A01EB0 /* YGAM.app */ = {isa = PBXFileReference; explicitFileType = wrapper.application; includeInIndex = 0; path = YGAM.app; sourceTree = BUILT_PRODUCTS_DIR; };
		45E957A220AC3E4A00A01EB0 /* AppDelegate.swift */ = {isa = PBXFileReference; lastKnownFileType = sourcecode.swift; path = AppDelegate.swift; sourceTree = "<group>"; };
		45E957A920AC3E4C00A01EB0 /* Assets.xcassets */ = {isa = PBXFileReference; lastKnownFileType = folder.assetcatalog; path = Assets.xcassets; sourceTree = "<group>"; };
		45E957AC20AC3E4C00A01EB0 /* Base */ = {isa = PBXFileReference; lastKnownFileType = file.storyboard; name = Base; path = Base.lproj/LaunchScreen.storyboard; sourceTree = "<group>"; };
		45E957AE20AC3E4C00A01EB0 /* Info.plist */ = {isa = PBXFileReference; lastKnownFileType = text.plist.xml; path = Info.plist; sourceTree = "<group>"; };
		45E957B520AC3EA200A01EB0 /* APIManager.swift */ = {isa = PBXFileReference; fileEncoding = 4; lastKnownFileType = sourcecode.swift; path = APIManager.swift; sourceTree = "<group>"; };
		45E957B620AC3EA200A01EB0 /* ImageManager.swift */ = {isa = PBXFileReference; fileEncoding = 4; lastKnownFileType = sourcecode.swift; path = ImageManager.swift; sourceTree = "<group>"; };
		45E957B720AC3EA200A01EB0 /* NetworkRequest.swift */ = {isa = PBXFileReference; fileEncoding = 4; lastKnownFileType = sourcecode.swift; path = NetworkRequest.swift; sourceTree = "<group>"; };
		45E957B820AC3EA200A01EB0 /* APIRequests.swift */ = {isa = PBXFileReference; fileEncoding = 4; lastKnownFileType = sourcecode.swift; path = APIRequests.swift; sourceTree = "<group>"; };
		45E957BE20AC3F2F00A01EB0 /* Enums.swift */ = {isa = PBXFileReference; fileEncoding = 4; lastKnownFileType = sourcecode.swift; path = Enums.swift; sourceTree = "<group>"; };
		45E957C120AC415300A01EB0 /* Questions.swift */ = {isa = PBXFileReference; lastKnownFileType = sourcecode.swift; path = Questions.swift; sourceTree = "<group>"; };
		45FEE98C20EA7BC60053FA4F /* OnBoarding.storyboard */ = {isa = PBXFileReference; lastKnownFileType = file.storyboard; path = OnBoarding.storyboard; sourceTree = "<group>"; };
		45FEE98F20EA7BFF0053FA4F /* OnBoardingDetailsView.xib */ = {isa = PBXFileReference; lastKnownFileType = file.xib; path = OnBoardingDetailsView.xib; sourceTree = "<group>"; };
		45FEE99220EA7DAB0053FA4F /* OnBoardingViewController.swift */ = {isa = PBXFileReference; lastKnownFileType = sourcecode.swift; path = OnBoardingViewController.swift; sourceTree = "<group>"; };
		45FEE99420EA7E490053FA4F /* OnBoardingDetailsView.swift */ = {isa = PBXFileReference; lastKnownFileType = sourcecode.swift; path = OnBoardingDetailsView.swift; sourceTree = "<group>"; };
		45FEE99A20EA86610053FA4F /* scratch-logo.png */ = {isa = PBXFileReference; lastKnownFileType = image.png; path = "scratch-logo.png"; sourceTree = "<group>"; };
		45FEE99C20EA89880053FA4F /* background.png */ = {isa = PBXFileReference; lastKnownFileType = image.png; path = background.png; sourceTree = "<group>"; };
		45FEE9A220EA8DA10053FA4F /* app.png */ = {isa = PBXFileReference; lastKnownFileType = image.png; path = app.png; sourceTree = "<group>"; };
		F4C767B820C1855100B5DB77 /* Dashboard.storyboard */ = {isa = PBXFileReference; lastKnownFileType = file.storyboard; path = Dashboard.storyboard; sourceTree = "<group>"; };
		F4C767BA20C1877400B5DB77 /* DashboardViewController.swift */ = {isa = PBXFileReference; lastKnownFileType = sourcecode.swift; path = DashboardViewController.swift; sourceTree = "<group>"; };
		F4C767BE20C1881E00B5DB77 /* Questions.storyboard */ = {isa = PBXFileReference; lastKnownFileType = file.storyboard; path = Questions.storyboard; sourceTree = "<group>"; };
		F4C767C320C189D800B5DB77 /* SignPosting.storyboard */ = {isa = PBXFileReference; lastKnownFileType = file.storyboard; path = SignPosting.storyboard; sourceTree = "<group>"; };
		F4C767C620C18A3900B5DB77 /* SignpostingViewController.swift */ = {isa = PBXFileReference; lastKnownFileType = sourcecode.swift; path = SignpostingViewController.swift; sourceTree = "<group>"; };
		F4C767C920C18ACF00B5DB77 /* Achievements.storyboard */ = {isa = PBXFileReference; lastKnownFileType = file.storyboard; path = Achievements.storyboard; sourceTree = "<group>"; };
		F4C767CC20C18B2E00B5DB77 /* AchievementsViewController.swift */ = {isa = PBXFileReference; lastKnownFileType = sourcecode.swift; path = AchievementsViewController.swift; sourceTree = "<group>"; };
/* End PBXFileReference section */

/* Begin PBXFrameworksBuildPhase section */
		45E9579C20AC3E4A00A01EB0 /* Frameworks */ = {
			isa = PBXFrameworksBuildPhase;
			buildActionMask = 2147483647;
			files = (
			);
			runOnlyForDeploymentPostprocessing = 0;
		};
/* End PBXFrameworksBuildPhase section */

/* Begin PBXGroup section */
		452257A120C883A8007E00ED /* Resources */ = {
			isa = PBXGroup;
			children = (
				4542F84820DCDAC00022CC09 /* Rubik-Black.ttf */,
				4542F84120DCDAC00022CC09 /* Rubik-BlackItalic.ttf */,
				4542F84220DCDAC00022CC09 /* Rubik-Bold.ttf */,
				4542F84A20DCDAC10022CC09 /* Rubik-BoldItalic.ttf */,
				4542F84920DCDAC10022CC09 /* Rubik-Italic.ttf */,
				4542F84520DCDAC00022CC09 /* Rubik-Light.ttf */,
				4542F84320DCDAC00022CC09 /* Rubik-LightItalic.ttf */,
				4542F84720DCDAC00022CC09 /* Rubik-Medium.ttf */,
				4542F84620DCDAC00022CC09 /* Rubik-MediumItalic.ttf */,
				4542F84420DCDAC00022CC09 /* Rubik-Regular.ttf */,
			);
			path = Resources;
			sourceTree = "<group>";
		};
		4542F85920DCDCC70022CC09 /* Views */ = {
			isa = PBXGroup;
			children = (
				4527C9DA20C138B900590790 /* BubbleAnswerView.swift */,
				4527C9DE20C138D200590790 /* BubbleAnswerView.xib */,
				4542F85620DCDAEE0022CC09 /* GradientView.swift */,
				4542F85520DCDAED0022CC09 /* InfoView.swift */,
			);
			path = Views;
			sourceTree = "<group>";
		};
		45E9579620AC3E4A00A01EB0 = {
			isa = PBXGroup;
			children = (
				45E957A120AC3E4A00A01EB0 /* YGAM */,
				45E957A020AC3E4A00A01EB0 /* Products */,
			);
			sourceTree = "<group>";
		};
		45E957A020AC3E4A00A01EB0 /* Products */ = {
			isa = PBXGroup;
			children = (
				45E9579F20AC3E4A00A01EB0 /* YGAM.app */,
			);
			name = Products;
			sourceTree = "<group>";
		};
		45E957A120AC3E4A00A01EB0 /* YGAM */ = {
			isa = PBXGroup;
			children = (
				45FEE98B20EA7BB00053FA4F /* OnBoarding */,
				F4C767B520C184B400B5DB77 /* Achievements */,
				F4C767B420C184AC00B5DB77 /* Dashboard */,
				F4C767B320C184A200B5DB77 /* Questions */,
				F4C767B220C1849500B5DB77 /* SignPosting */,
				452257A120C883A8007E00ED /* Resources */,
				45E957C020AC411E00A01EB0 /* Models */,
				45E957BD20AC3F0100A01EB0 /* Common */,
				45E957B420AC3E7600A01EB0 /* Network */,
				45E957A220AC3E4A00A01EB0 /* AppDelegate.swift */,
				45E957A920AC3E4C00A01EB0 /* Assets.xcassets */,
				45E957AB20AC3E4C00A01EB0 /* LaunchScreen.storyboard */,
				45E957AE20AC3E4C00A01EB0 /* Info.plist */,
			);
			path = YGAM;
			sourceTree = "<group>";
		};
		45E957B420AC3E7600A01EB0 /* Network */ = {
			isa = PBXGroup;
			children = (
				45E957B520AC3EA200A01EB0 /* APIManager.swift */,
				45E957B820AC3EA200A01EB0 /* APIRequests.swift */,
				45E957B620AC3EA200A01EB0 /* ImageManager.swift */,
				45E957B720AC3EA200A01EB0 /* NetworkRequest.swift */,
			);
			path = Network;
			sourceTree = "<group>";
		};
		45E957BD20AC3F0100A01EB0 /* Common */ = {
			isa = PBXGroup;
			children = (
				45E957BE20AC3F2F00A01EB0 /* Enums.swift */,
			);
			path = Common;
			sourceTree = "<group>";
		};
		45E957C020AC411E00A01EB0 /* Models */ = {
			isa = PBXGroup;
			children = (
				45E957C120AC415300A01EB0 /* Questions.swift */,
				4589022D20B832E000CA4C46 /* QuestionList.json */,
			);
			path = Models;
			sourceTree = "<group>";
		};
		45FEE98B20EA7BB00053FA4F /* OnBoarding */ = {
			isa = PBXGroup;
			children = (
				45FEE99120EA7D990053FA4F /* ViewControllers */,
				45FEE98E20EA7BEB0053FA4F /* Views */,
				45FEE98C20EA7BC60053FA4F /* OnBoarding.storyboard */,
			);
			path = OnBoarding;
			sourceTree = "<group>";
		};
		45FEE98E20EA7BEB0053FA4F /* Views */ = {
			isa = PBXGroup;
			children = (
				45E80E9120EC2EFB008FEA6D /* DetailViewImage.png */,
				45E80E8D20EC2DE4008FEA6D /* DetailView1MagnifiedView.png */,
				45E80E9420EC3198008FEA6D /* DetailView2MagnifiedView.png */,
				45E80E9320EC3198008FEA6D /* DetailView3MagnifiedView.png */,
				45FEE9A220EA8DA10053FA4F /* app.png */,
				45FEE99C20EA89880053FA4F /* background.png */,
				45FEE99A20EA86610053FA4F /* scratch-logo.png */,
				45FEE98F20EA7BFF0053FA4F /* OnBoardingDetailsView.xib */,
				45FEE99420EA7E490053FA4F /* OnBoardingDetailsView.swift */,
			);
			path = Views;
			sourceTree = "<group>";
		};
		45FEE99120EA7D990053FA4F /* ViewControllers */ = {
			isa = PBXGroup;
			children = (
				45FEE99220EA7DAB0053FA4F /* OnBoardingViewController.swift */,
			);
			path = ViewControllers;
			sourceTree = "<group>";
		};
		F4C767B220C1849500B5DB77 /* SignPosting */ = {
			isa = PBXGroup;
			children = (
				F4C767C520C18A2600B5DB77 /* Viewcontrollers */,
				F4C767C220C189B600B5DB77 /* Storyboard */,
			);
			path = SignPosting;
			sourceTree = "<group>";
		};
		F4C767B320C184A200B5DB77 /* Questions */ = {
			isa = PBXGroup;
			children = (
				4542F85920DCDCC70022CC09 /* Views */,
				F4C767BC20C187F900B5DB77 /* Viewcontrollers */,
				F4C767BD20C1880700B5DB77 /* Storyboard */,
			);
			path = Questions;
			sourceTree = "<group>";
		};
		F4C767B420C184AC00B5DB77 /* Dashboard */ = {
			isa = PBXGroup;
			children = (
				F4C767B720C184FF00B5DB77 /* Viewcontrollers */,
				F4C767B620C184F300B5DB77 /* Storyboard */,
			);
			path = Dashboard;
			sourceTree = "<group>";
		};
		F4C767B520C184B400B5DB77 /* Achievements */ = {
			isa = PBXGroup;
			children = (
				F4C767CB20C18ADA00B5DB77 /* Viewcontrollers */,
				F4C767C820C18AB000B5DB77 /* Stroryboard */,
			);
			path = Achievements;
			sourceTree = "<group>";
		};
		F4C767B620C184F300B5DB77 /* Storyboard */ = {
			isa = PBXGroup;
			children = (
				F4C767B820C1855100B5DB77 /* Dashboard.storyboard */,
			);
			path = Storyboard;
			sourceTree = "<group>";
		};
		F4C767B720C184FF00B5DB77 /* Viewcontrollers */ = {
			isa = PBXGroup;
			children = (
				F4C767BA20C1877400B5DB77 /* DashboardViewController.swift */,
			);
			path = Viewcontrollers;
			sourceTree = "<group>";
		};
		F4C767BC20C187F900B5DB77 /* Viewcontrollers */ = {
			isa = PBXGroup;
			children = (
				4527C9D620C130C200590790 /* BubbleQuestionViewController.swift */,
				4527C9E020C13AD100590790 /* BubbleBehavior.swift */,
			);
			path = Viewcontrollers;
			sourceTree = "<group>";
		};
		F4C767BD20C1880700B5DB77 /* Storyboard */ = {
			isa = PBXGroup;
			children = (
				F4C767BE20C1881E00B5DB77 /* Questions.storyboard */,
			);
			path = Storyboard;
			sourceTree = "<group>";
		};
		F4C767C220C189B600B5DB77 /* Storyboard */ = {
			isa = PBXGroup;
			children = (
				F4C767C320C189D800B5DB77 /* SignPosting.storyboard */,
			);
			path = Storyboard;
			sourceTree = "<group>";
		};
		F4C767C520C18A2600B5DB77 /* Viewcontrollers */ = {
			isa = PBXGroup;
			children = (
				F4C767C620C18A3900B5DB77 /* SignpostingViewController.swift */,
			);
			path = Viewcontrollers;
			sourceTree = "<group>";
		};
		F4C767C820C18AB000B5DB77 /* Stroryboard */ = {
			isa = PBXGroup;
			children = (
				F4C767C920C18ACF00B5DB77 /* Achievements.storyboard */,
			);
			path = Stroryboard;
			sourceTree = "<group>";
		};
		F4C767CB20C18ADA00B5DB77 /* Viewcontrollers */ = {
			isa = PBXGroup;
			children = (
				F4C767CC20C18B2E00B5DB77 /* AchievementsViewController.swift */,
			);
			path = Viewcontrollers;
			sourceTree = "<group>";
		};
/* End PBXGroup section */

/* Begin PBXNativeTarget section */
		45E9579E20AC3E4A00A01EB0 /* YGAM */ = {
			isa = PBXNativeTarget;
			buildConfigurationList = 45E957B120AC3E4C00A01EB0 /* Build configuration list for PBXNativeTarget "YGAM" */;
			buildPhases = (
				45E9579B20AC3E4A00A01EB0 /* Sources */,
				45E9579C20AC3E4A00A01EB0 /* Frameworks */,
				45E9579D20AC3E4A00A01EB0 /* Resources */,
			);
			buildRules = (
			);
			dependencies = (
			);
			name = YGAM;
			productName = YGAM;
			productReference = 45E9579F20AC3E4A00A01EB0 /* YGAM.app */;
			productType = "com.apple.product-type.application";
		};
/* End PBXNativeTarget section */

/* Begin PBXProject section */
		45E9579720AC3E4A00A01EB0 /* Project object */ = {
			isa = PBXProject;
			attributes = {
				LastSwiftUpdateCheck = 0930;
				LastUpgradeCheck = 0930;
				ORGANIZATIONNAME = "Sky Betting and Gaming";
				TargetAttributes = {
					45E9579E20AC3E4A00A01EB0 = {
						CreatedOnToolsVersion = 9.3;
					};
				};
			};
			buildConfigurationList = 45E9579A20AC3E4A00A01EB0 /* Build configuration list for PBXProject "YGAM" */;
			compatibilityVersion = "Xcode 9.3";
			developmentRegion = en;
			hasScannedForEncodings = 0;
			knownRegions = (
				en,
				Base,
			);
			mainGroup = 45E9579620AC3E4A00A01EB0;
			productRefGroup = 45E957A020AC3E4A00A01EB0 /* Products */;
			projectDirPath = "";
			projectRoot = "";
			targets = (
				45E9579E20AC3E4A00A01EB0 /* YGAM */,
			);
		};
/* End PBXProject section */

/* Begin PBXResourcesBuildPhase section */
		45E9579D20AC3E4A00A01EB0 /* Resources */ = {
			isa = PBXResourcesBuildPhase;
			buildActionMask = 2147483647;
			files = (
				4542F84E20DCDAC10022CC09 /* Rubik-Regular.ttf in Resources */,
				45FEE99B20EA86610053FA4F /* scratch-logo.png in Resources */,
				4542F84C20DCDAC10022CC09 /* Rubik-Bold.ttf in Resources */,
				4542F85020DCDAC10022CC09 /* Rubik-MediumItalic.ttf in Resources */,
				45E957AD20AC3E4C00A01EB0 /* LaunchScreen.storyboard in Resources */,
				4542F85420DCDAC10022CC09 /* Rubik-BoldItalic.ttf in Resources */,
				4542F85320DCDAC10022CC09 /* Rubik-Italic.ttf in Resources */,
				45FEE99020EA7BFF0053FA4F /* OnBoardingDetailsView.xib in Resources */,
				F4C767CA20C18ACF00B5DB77 /* Achievements.storyboard in Resources */,
				4542F85220DCDAC10022CC09 /* Rubik-Black.ttf in Resources */,
				45FEE98D20EA7BC60053FA4F /* OnBoarding.storyboard in Resources */,
				4589022E20B832E100CA4C46 /* QuestionList.json in Resources */,
				4542F85120DCDAC10022CC09 /* Rubik-Medium.ttf in Resources */,
				45E80E9620EC3198008FEA6D /* DetailView2MagnifiedView.png in Resources */,
				45E957AA20AC3E4C00A01EB0 /* Assets.xcassets in Resources */,
				4542F84F20DCDAC10022CC09 /* Rubik-Light.ttf in Resources */,
				45E80E9520EC3198008FEA6D /* DetailView3MagnifiedView.png in Resources */,
				4542F84B20DCDAC10022CC09 /* Rubik-BlackItalic.ttf in Resources */,
				4542F84D20DCDAC10022CC09 /* Rubik-LightItalic.ttf in Resources */,
				45E80E8E20EC2DE4008FEA6D /* DetailView1MagnifiedView.png in Resources */,
				F4C767B920C1855100B5DB77 /* Dashboard.storyboard in Resources */,
				F4C767C420C189D800B5DB77 /* SignPosting.storyboard in Resources */,
				F4C767BF20C1881E00B5DB77 /* Questions.storyboard in Resources */,
				45FEE9A320EA8DA10053FA4F /* app.png in Resources */,
				4527C9DF20C138D200590790 /* BubbleAnswerView.xib in Resources */,
				45FEE99D20EA89880053FA4F /* background.png in Resources */,
				45E80E9220EC2EFB008FEA6D /* DetailViewImage.png in Resources */,
			);
			runOnlyForDeploymentPostprocessing = 0;
		};
/* End PBXResourcesBuildPhase section */

/* Begin PBXSourcesBuildPhase section */
		45E9579B20AC3E4A00A01EB0 /* Sources */ = {
			isa = PBXSourcesBuildPhase;
			buildActionMask = 2147483647;
			files = (
				4542F85720DCDAEE0022CC09 /* InfoView.swift in Sources */,
				F4C767C720C18A3900B5DB77 /* SignpostingViewController.swift in Sources */,
				45E957B920AC3EA200A01EB0 /* APIManager.swift in Sources */,
				45E957BA20AC3EA200A01EB0 /* ImageManager.swift in Sources */,
				4542F85820DCDAEE0022CC09 /* GradientView.swift in Sources */,
				F4C767CD20C18B2E00B5DB77 /* AchievementsViewController.swift in Sources */,
				F4C767BB20C1877400B5DB77 /* DashboardViewController.swift in Sources */,
				4527C9D820C130C200590790 /* BubbleQuestionViewController.swift in Sources */,
				45FEE99520EA7E490053FA4F /* OnBoardingDetailsView.swift in Sources */,
				4527C9E120C13AD100590790 /* BubbleBehavior.swift in Sources */,
				4527C9DB20C138B900590790 /* BubbleAnswerView.swift in Sources */,
				45E957A320AC3E4A00A01EB0 /* AppDelegate.swift in Sources */,
				45FEE99320EA7DAB0053FA4F /* OnBoardingViewController.swift in Sources */,
				45E957BF20AC3F2F00A01EB0 /* Enums.swift in Sources */,
				45E957C220AC415300A01EB0 /* Questions.swift in Sources */,
				45E957BC20AC3EA200A01EB0 /* APIRequests.swift in Sources */,
				45E957BB20AC3EA200A01EB0 /* NetworkRequest.swift in Sources */,
			);
			runOnlyForDeploymentPostprocessing = 0;
		};
/* End PBXSourcesBuildPhase section */

/* Begin PBXVariantGroup section */
		45E957AB20AC3E4C00A01EB0 /* LaunchScreen.storyboard */ = {
			isa = PBXVariantGroup;
			children = (
				45E957AC20AC3E4C00A01EB0 /* Base */,
			);
			name = LaunchScreen.storyboard;
			sourceTree = "<group>";
		};
/* End PBXVariantGroup section */

/* Begin XCBuildConfiguration section */
		45E957AF20AC3E4C00A01EB0 /* Debug */ = {
			isa = XCBuildConfiguration;
			buildSettings = {
				ALWAYS_SEARCH_USER_PATHS = NO;
				CLANG_ANALYZER_NONNULL = YES;
				CLANG_ANALYZER_NUMBER_OBJECT_CONVERSION = YES_AGGRESSIVE;
				CLANG_CXX_LANGUAGE_STANDARD = "gnu++14";
				CLANG_CXX_LIBRARY = "libc++";
				CLANG_ENABLE_MODULES = YES;
				CLANG_ENABLE_OBJC_ARC = YES;
				CLANG_ENABLE_OBJC_WEAK = YES;
				CLANG_WARN_BLOCK_CAPTURE_AUTORELEASING = YES;
				CLANG_WARN_BOOL_CONVERSION = YES;
				CLANG_WARN_COMMA = YES;
				CLANG_WARN_CONSTANT_CONVERSION = YES;
				CLANG_WARN_DEPRECATED_OBJC_IMPLEMENTATIONS = YES;
				CLANG_WARN_DIRECT_OBJC_ISA_USAGE = YES_ERROR;
				CLANG_WARN_DOCUMENTATION_COMMENTS = YES;
				CLANG_WARN_EMPTY_BODY = YES;
				CLANG_WARN_ENUM_CONVERSION = YES;
				CLANG_WARN_INFINITE_RECURSION = YES;
				CLANG_WARN_INT_CONVERSION = YES;
				CLANG_WARN_NON_LITERAL_NULL_CONVERSION = YES;
				CLANG_WARN_OBJC_IMPLICIT_RETAIN_SELF = YES;
				CLANG_WARN_OBJC_LITERAL_CONVERSION = YES;
				CLANG_WARN_OBJC_ROOT_CLASS = YES_ERROR;
				CLANG_WARN_RANGE_LOOP_ANALYSIS = YES;
				CLANG_WARN_STRICT_PROTOTYPES = YES;
				CLANG_WARN_SUSPICIOUS_MOVE = YES;
				CLANG_WARN_UNGUARDED_AVAILABILITY = YES_AGGRESSIVE;
				CLANG_WARN_UNREACHABLE_CODE = YES;
				CLANG_WARN__DUPLICATE_METHOD_MATCH = YES;
				CODE_SIGN_IDENTITY = "iPhone Developer";
				COPY_PHASE_STRIP = NO;
				DEBUG_INFORMATION_FORMAT = dwarf;
				ENABLE_STRICT_OBJC_MSGSEND = YES;
				ENABLE_TESTABILITY = YES;
				GCC_C_LANGUAGE_STANDARD = gnu11;
				GCC_DYNAMIC_NO_PIC = NO;
				GCC_NO_COMMON_BLOCKS = YES;
				GCC_OPTIMIZATION_LEVEL = 0;
				GCC_PREPROCESSOR_DEFINITIONS = (
					"DEBUG=1",
					"$(inherited)",
				);
				GCC_WARN_64_TO_32_BIT_CONVERSION = YES;
				GCC_WARN_ABOUT_RETURN_TYPE = YES_ERROR;
				GCC_WARN_UNDECLARED_SELECTOR = YES;
				GCC_WARN_UNINITIALIZED_AUTOS = YES_AGGRESSIVE;
				GCC_WARN_UNUSED_FUNCTION = YES;
				GCC_WARN_UNUSED_VARIABLE = YES;
				IPHONEOS_DEPLOYMENT_TARGET = 11.3;
				MTL_ENABLE_DEBUG_INFO = YES;
				ONLY_ACTIVE_ARCH = YES;
				SDKROOT = iphoneos;
				SWIFT_ACTIVE_COMPILATION_CONDITIONS = DEBUG;
				SWIFT_OPTIMIZATION_LEVEL = "-Onone";
			};
			name = Debug;
		};
		45E957B020AC3E4C00A01EB0 /* Release */ = {
			isa = XCBuildConfiguration;
			buildSettings = {
				ALWAYS_SEARCH_USER_PATHS = NO;
				CLANG_ANALYZER_NONNULL = YES;
				CLANG_ANALYZER_NUMBER_OBJECT_CONVERSION = YES_AGGRESSIVE;
				CLANG_CXX_LANGUAGE_STANDARD = "gnu++14";
				CLANG_CXX_LIBRARY = "libc++";
				CLANG_ENABLE_MODULES = YES;
				CLANG_ENABLE_OBJC_ARC = YES;
				CLANG_ENABLE_OBJC_WEAK = YES;
				CLANG_WARN_BLOCK_CAPTURE_AUTORELEASING = YES;
				CLANG_WARN_BOOL_CONVERSION = YES;
				CLANG_WARN_COMMA = YES;
				CLANG_WARN_CONSTANT_CONVERSION = YES;
				CLANG_WARN_DEPRECATED_OBJC_IMPLEMENTATIONS = YES;
				CLANG_WARN_DIRECT_OBJC_ISA_USAGE = YES_ERROR;
				CLANG_WARN_DOCUMENTATION_COMMENTS = YES;
				CLANG_WARN_EMPTY_BODY = YES;
				CLANG_WARN_ENUM_CONVERSION = YES;
				CLANG_WARN_INFINITE_RECURSION = YES;
				CLANG_WARN_INT_CONVERSION = YES;
				CLANG_WARN_NON_LITERAL_NULL_CONVERSION = YES;
				CLANG_WARN_OBJC_IMPLICIT_RETAIN_SELF = YES;
				CLANG_WARN_OBJC_LITERAL_CONVERSION = YES;
				CLANG_WARN_OBJC_ROOT_CLASS = YES_ERROR;
				CLANG_WARN_RANGE_LOOP_ANALYSIS = YES;
				CLANG_WARN_STRICT_PROTOTYPES = YES;
				CLANG_WARN_SUSPICIOUS_MOVE = YES;
				CLANG_WARN_UNGUARDED_AVAILABILITY = YES_AGGRESSIVE;
				CLANG_WARN_UNREACHABLE_CODE = YES;
				CLANG_WARN__DUPLICATE_METHOD_MATCH = YES;
				CODE_SIGN_IDENTITY = "iPhone Developer";
				COPY_PHASE_STRIP = NO;
				DEBUG_INFORMATION_FORMAT = "dwarf-with-dsym";
				ENABLE_NS_ASSERTIONS = NO;
				ENABLE_STRICT_OBJC_MSGSEND = YES;
				GCC_C_LANGUAGE_STANDARD = gnu11;
				GCC_NO_COMMON_BLOCKS = YES;
				GCC_WARN_64_TO_32_BIT_CONVERSION = YES;
				GCC_WARN_ABOUT_RETURN_TYPE = YES_ERROR;
				GCC_WARN_UNDECLARED_SELECTOR = YES;
				GCC_WARN_UNINITIALIZED_AUTOS = YES_AGGRESSIVE;
				GCC_WARN_UNUSED_FUNCTION = YES;
				GCC_WARN_UNUSED_VARIABLE = YES;
				IPHONEOS_DEPLOYMENT_TARGET = 11.3;
				MTL_ENABLE_DEBUG_INFO = NO;
				SDKROOT = iphoneos;
				SWIFT_COMPILATION_MODE = wholemodule;
				SWIFT_OPTIMIZATION_LEVEL = "-O";
				VALIDATE_PRODUCT = YES;
			};
			name = Release;
		};
		45E957B220AC3E4C00A01EB0 /* Debug */ = {
			isa = XCBuildConfiguration;
			buildSettings = {
				ASSETCATALOG_COMPILER_APPICON_NAME = AppIcon;
				CODE_SIGN_STYLE = Automatic;
				DEVELOPMENT_TEAM = "";
				INFOPLIST_FILE = YGAM/Info.plist;
				LD_RUNPATH_SEARCH_PATHS = (
					"$(inherited)",
					"@executable_path/Frameworks",
				);
				PRODUCT_BUNDLE_IDENTIFIER = com.skybettingandgaming.YGAM;
				PRODUCT_NAME = "$(TARGET_NAME)";
				SWIFT_VERSION = 4.0;
				TARGETED_DEVICE_FAMILY = "1,2";
			};
			name = Debug;
		};
		45E957B320AC3E4C00A01EB0 /* Release */ = {
			isa = XCBuildConfiguration;
			buildSettings = {
				ASSETCATALOG_COMPILER_APPICON_NAME = AppIcon;
				CODE_SIGN_STYLE = Automatic;
				DEVELOPMENT_TEAM = "";
				INFOPLIST_FILE = YGAM/Info.plist;
				LD_RUNPATH_SEARCH_PATHS = (
					"$(inherited)",
					"@executable_path/Frameworks",
				);
				PRODUCT_BUNDLE_IDENTIFIER = com.skybettingandgaming.YGAM;
				PRODUCT_NAME = "$(TARGET_NAME)";
				SWIFT_VERSION = 4.0;
				TARGETED_DEVICE_FAMILY = "1,2";
			};
			name = Release;
		};
/* End XCBuildConfiguration section */

/* Begin XCConfigurationList section */
		45E9579A20AC3E4A00A01EB0 /* Build configuration list for PBXProject "YGAM" */ = {
			isa = XCConfigurationList;
			buildConfigurations = (
				45E957AF20AC3E4C00A01EB0 /* Debug */,
				45E957B020AC3E4C00A01EB0 /* Release */,
			);
			defaultConfigurationIsVisible = 0;
			defaultConfigurationName = Release;
		};
		45E957B120AC3E4C00A01EB0 /* Build configuration list for PBXNativeTarget "YGAM" */ = {
			isa = XCConfigurationList;
			buildConfigurations = (
				45E957B220AC3E4C00A01EB0 /* Debug */,
				45E957B320AC3E4C00A01EB0 /* Release */,
			);
			defaultConfigurationIsVisible = 0;
			defaultConfigurationName = Release;
		};
/* End XCConfigurationList section */
	};
	rootObject = 45E9579720AC3E4A00A01EB0 /* Project object */;
}
